
Microsoft Visual Studio Solution File, Format Version 10.00
# Visual Studio 2008
Project("{8BC9CEB8-8B4A-11D0-8D11-00A0C91BC942}") = "grid", "grid\grid.vcproj", "{4E22A9EC-C9EF-45AF-93F7-2A4EC0E4D211}"
EndProject
Global
	GlobalSection(SolutionConfigurationPlatforms) = preSolution
		Debug|Win32 = Debug|Win32
		Release|Win32 = Release|Win32
	EndGlobalSection
	GlobalSection(ProjectConfigurationPlatforms) = postSolution
		{4E22A9EC-C9EF-45AF-93F7-2A4EC0E4D211}.Debug|Win32.ActiveCfg = Debug|Win32
		{4E22A9EC-C9EF-45AF-93F7-2A4EC0E4D211}.Debug|Win32.Build.0 = Debug|Win32
		{4E22A9EC-C9EF-45AF-93F7-2A4EC0E4D211}.Release|Win32.ActiveCfg = Release|Win32
		{4E22A9EC-C9EF-45AF-93F7-2A4EC0E4D211}.Release|Win32.Build.0 = Release|Win32
	EndGlobalSection
	GlobalSection(SolutionProperties) = preSolution
		HideSolutionNode = FALSE
	EndGlobalSection
EndGlobal
