<?xml version="1.0" encoding="utf-8"?>
<Project ToolsVersion="4.0" xmlns="http://schemas.microsoft.com/developer/msbuild/2003">
  <ItemGroup>
    <Filter Include="Source Files">
      <UniqueIdentifier>{4FC737F1-C7A5-4376-A066-2A32D752A2FF}</UniqueIdentifier>
      <Extensions>cpp;c;cc;cxx;def;odl;idl;hpj;bat;asm;asmx</Extensions>
    </Filter>
    <Filter Include="Header Files">
      <UniqueIdentifier>{93995380-89BD-4b04-88EB-625FBE52EBFB}</UniqueIdentifier>
      <Extensions>h;hpp;hxx;hm;inl;inc;xsd</Extensions>
    </Filter>
    <Filter Include="Resource Files">
      <UniqueIdentifier>{67DA6AB6-F800-4c08-8B7A-83BB121AAD01}</UniqueIdentifier>
      <Extensions>rc;ico;cur;bmp;dlg;rc2;rct;bin;rgs;gif;jpg;jpeg;jpe;resx;tiff;tif;png;wav</Extensions>
    </Filter>
  </ItemGroup>
  <ItemGroup>
    <ClCompile Include="kernel\Assemble_type.cpp">
      <Filter>Source Files</Filter>
    </ClCompile>
    <ClCompile Include="user_interface\Assemble_type_list.cpp">
      <Filter>Source Files</Filter>
    </ClCompile>
    <ClCompile Include="kernel\Camera.cpp">
      <Filter>Source Files</Filter>
    </ClCompile>
    <ClCompile Include="kernel\Clip_component.cpp">
      <Filter>Source Files</Filter>
    </ClCompile>
    <ClCompile Include="kernel\Component.cpp">
      <Filter>Source Files</Filter>
    </ClCompile>
    <ClCompile Include="kernel\Component_collector.cpp">
      <Filter>Source Files</Filter>
    </ClCompile>
    <ClCompile Include="user_interface\Component_list.cpp">
      <Filter>Source Files</Filter>
    </ClCompile>
    <ClCompile Include="kernel\Edge.cpp">
      <Filter>Source Files</Filter>
    </ClCompile>
    <ClCompile Include="kernel\Graphics_system.cpp">
      <Filter>Source Files</Filter>
    </ClCompile>
    <ClCompile Include="kernel\Light.cpp">
      <Filter>Source Files</Filter>
    </ClCompile>
    <ClCompile Include="user_interface\List_base.cpp">
      <Filter>Source Files</Filter>
    </ClCompile>
    <ClCompile Include="kernel\Location.cpp">
      <Filter>Source Files</Filter>
    </ClCompile>
    <ClCompile Include="user_interface\Location_dialog.cpp">
      <Filter>Source Files</Filter>
    </ClCompile>
    <ClCompile Include="MainFrm.cpp">
      <Filter>Source Files</Filter>
    </ClCompile>
    <ClCompile Include="user_interface\Mount_cache_information_dialog.cpp">
      <Filter>Source Files</Filter>
    </ClCompile>
    <ClCompile Include="user_interface\Mount_information_dialog.cpp">
      <Filter>Source Files</Filter>
    </ClCompile>
    <ClCompile Include="user_interface\Mount_step_dialog.cpp">
      <Filter>Source Files</Filter>
    </ClCompile>
    <ClCompile Include="user_interface\Mount_step_tag_dialog.cpp">
      <Filter>Source Files</Filter>
    </ClCompile>
    <ClCompile Include="user_interface\Mount_time_length_dialog.cpp">
      <Filter>Source Files</Filter>
    </ClCompile>
    <ClCompile Include="movement\Movement.cpp">
      <Filter>Source Files</Filter>
    </ClCompile>
    <ClCompile Include="user_interface\Movement_list.cpp">
      <Filter>Source Files</Filter>
    </ClCompile>
    <ClCompile Include="movement\Movement_processor.cpp">
      <Filter>Source Files</Filter>
    </ClCompile>
    <ClCompile Include="kernel\Part.cpp">
      <Filter>Source Files</Filter>
    </ClCompile>
    <ClCompile Include="kernel\Part_graphics_object.cpp">
      <Filter>Source Files</Filter>
    </ClCompile>
    <ClCompile Include="user_interface\Part_list.cpp">
      <Filter>Source Files</Filter>
    </ClCompile>
    <ClCompile Include="kernel\Part_parameter.cpp">
      <Filter>Source Files</Filter>
    </ClCompile>
    <ClCompile Include="user_interface\Part_property.cpp">
      <Filter>Source Files</Filter>
    </ClCompile>
    <ClCompile Include="kernel\Platform_information.cpp">
      <Filter>Source Files</Filter>
    </ClCompile>
    <ClCompile Include="user_interface\PropertiesWnd.cpp">
      <Filter>Source Files</Filter>
    </ClCompile>
    <ClCompile Include="kernel\Select_component_ids.cpp">
      <Filter>Source Files</Filter>
    </ClCompile>
    <ClCompile Include="kernel\Shader_base.cpp">
      <Filter>Source Files</Filter>
    </ClCompile>
    <ClCompile Include="kernel\Shader_coordinate.cpp">
      <Filter>Source Files</Filter>
    </ClCompile>
    <ClCompile Include="kernel\Shader_environment.cpp">
      <Filter>Source Files</Filter>
    </ClCompile>
    <ClCompile Include="Shader_player.cpp">
      <Filter>Source Files</Filter>
    </ClCompile>
    <ClCompile Include="Shader_playerDoc.cpp">
      <Filter>Source Files</Filter>
    </ClCompile>
    <ClCompile Include="Shader_playerView.cpp">
      <Filter>Source Files</Filter>
    </ClCompile>
    <ClCompile Include="kernel\Shader_select_area.cpp">
      <Filter>Source Files</Filter>
    </ClCompile>
    <ClCompile Include="kernel\Shader_size_tag.cpp">
      <Filter>Source Files</Filter>
    </ClCompile>
    <ClCompile Include="kernel\Shader_solidworks.cpp">
      <Filter>Source Files</Filter>
    </ClCompile>
    <ClCompile Include="kernel\Shader_solidworks_material_dialog.cpp">
      <Filter>Source Files</Filter>
    </ClCompile>
    <ClCompile Include="kernel\Shader_terrain.cpp">
      <Filter>Source Files</Filter>
    </ClCompile>
    <ClCompile Include="kernel\Sound_player.cpp">
      <Filter>Source Files</Filter>
    </ClCompile>
    <ClCompile Include="stdafx.cpp">
      <Filter>Source Files</Filter>
    </ClCompile>
    <ClCompile Include="kernel\Texture.cpp">
      <Filter>Source Files</Filter>
    </ClCompile>
    <ClCompile Include="kernel\User_interface.cpp">
      <Filter>Source Files</Filter>
    </ClCompile>
    <ClCompile Include="ViewTree.cpp">
      <Filter>Source Files</Filter>
    </ClCompile>
    <ClCompile Include="kernel\Whole_system.cpp">
      <Filter>Source Files</Filter>
    </ClCompile>
    <ClCompile Include="kernel\Network.cpp">
      <Filter>Source Files</Filter>
    </ClCompile>
  </ItemGroup>
  <ItemGroup>
    <ClInclude Include="kernel\Assemble_type.h">
      <Filter>Header Files</Filter>
    </ClInclude>
    <ClInclude Include="user_interface\Assemble_type_list.h">
      <Filter>Header Files</Filter>
    </ClInclude>
    <ClInclude Include="kernel\Camera.h">
      <Filter>Header Files</Filter>
    </ClInclude>
    <ClInclude Include="kernel\Clip_component.h">
      <Filter>Header Files</Filter>
    </ClInclude>
    <ClInclude Include="kernel\Component.h">
      <Filter>Header Files</Filter>
    </ClInclude>
    <ClInclude Include="kernel\Component_collector.h">
      <Filter>Header Files</Filter>
    </ClInclude>
    <ClInclude Include="kernel\Component_display_parameter.h">
      <Filter>Header Files</Filter>
    </ClInclude>
    <ClInclude Include="user_interface\Component_list.h">
      <Filter>Header Files</Filter>
    </ClInclude>
    <ClInclude Include="kernel\Const.h">
      <Filter>Header Files</Filter>
    </ClInclude>
    <ClInclude Include="kernel\Coordinate_management.h">
      <Filter>Header Files</Filter>
    </ClInclude>
    <ClInclude Include="kernel\Edge.h">
      <Filter>Header Files</Filter>
    </ClInclude>
    <ClInclude Include="kernel\Graphics_system.h">
      <Filter>Header Files</Filter>
    </ClInclude>
    <ClInclude Include="kernel\Light.h">
      <Filter>Header Files</Filter>
    </ClInclude>
    <ClInclude Include="user_interface\List_base.h">
      <Filter>Header Files</Filter>
    </ClInclude>
    <ClInclude Include="kernel\Location.h">
      <Filter>Header Files</Filter>
    </ClInclude>
    <ClInclude Include="user_interface\Location_dialog.h">
      <Filter>Header Files</Filter>
    </ClInclude>
    <ClInclude Include="MainFrm.h">
      <Filter>Header Files</Filter>
    </ClInclude>
    <ClInclude Include="user_interface\Mount_cache_information_dialog.h">
      <Filter>Header Files</Filter>
    </ClInclude>
    <ClInclude Include="user_interface\Mount_information_dialog.h">
      <Filter>Header Files</Filter>
    </ClInclude>
    <ClInclude Include="user_interface\Mount_step_dialog.h">
      <Filter>Header Files</Filter>
    </ClInclude>
    <ClInclude Include="user_interface\Mount_step_tag_dialog.h">
      <Filter>Header Files</Filter>
    </ClInclude>
    <ClInclude Include="user_interface\Mount_time_length_dialog.h">
      <Filter>Header Files</Filter>
    </ClInclude>
    <ClInclude Include="movement\Movement.h">
      <Filter>Header Files</Filter>
    </ClInclude>
    <ClInclude Include="user_interface\Movement_list.h">
      <Filter>Header Files</Filter>
    </ClInclude>
    <ClInclude Include="movement\Movement_processor.h">
      <Filter>Header Files</Filter>
    </ClInclude>
    <ClInclude Include="kernel\Part.h">
      <Filter>Header Files</Filter>
    </ClInclude>
    <ClInclude Include="kernel\Part_graphics_object.h">
      <Filter>Header Files</Filter>
    </ClInclude>
    <ClInclude Include="user_interface\Part_list.h">
      <Filter>Header Files</Filter>
    </ClInclude>
    <ClInclude Include="kernel\Part_parameter.h">
      <Filter>Header Files</Filter>
    </ClInclude>
    <ClInclude Include="user_interface\Part_property.h">
      <Filter>Header Files</Filter>
    </ClInclude>
    <ClInclude Include="kernel\Platform_information.h">
      <Filter>Header Files</Filter>
    </ClInclude>
    <ClInclude Include="kernel\Point.h">
      <Filter>Header Files</Filter>
    </ClInclude>
    <ClInclude Include="user_interface\PropertiesWnd.h">
      <Filter>Header Files</Filter>
    </ClInclude>
    <ClInclude Include="Resource.h">
      <Filter>Header Files</Filter>
    </ClInclude>
    <ClInclude Include="kernel\Select_component_ids.h">
      <Filter>Header Files</Filter>
    </ClInclude>
    <ClInclude Include="kernel\Shader_base.h">
      <Filter>Header Files</Filter>
    </ClInclude>
    <ClInclude Include="kernel\Shader_coordinate.h">
      <Filter>Header Files</Filter>
    </ClInclude>
    <ClInclude Include="kernel\Shader_environment.h">
      <Filter>Header Files</Filter>
    </ClInclude>
    <ClInclude Include="Shader_player.h">
      <Filter>Header Files</Filter>
    </ClInclude>
    <ClInclude Include="Shader_playerDoc.h">
      <Filter>Header Files</Filter>
    </ClInclude>
    <ClInclude Include="Shader_playerView.h">
      <Filter>Header Files</Filter>
    </ClInclude>
    <ClInclude Include="kernel\Shader_select_area.h">
      <Filter>Header Files</Filter>
    </ClInclude>
    <ClInclude Include="kernel\Shader_size_tag.h">
      <Filter>Header Files</Filter>
    </ClInclude>
    <ClInclude Include="kernel\Shader_solidworks.h">
      <Filter>Header Files</Filter>
    </ClInclude>
    <ClInclude Include="kernel\Shader_solidworks_material_dialog.h">
      <Filter>Header Files</Filter>
    </ClInclude>
    <ClInclude Include="kernel\Shader_terrain.h">
      <Filter>Header Files</Filter>
    </ClInclude>
    <ClInclude Include="kernel\Sound_player.h">
      <Filter>Header Files</Filter>
    </ClInclude>
    <ClInclude Include="stdafx.h">
      <Filter>Header Files</Filter>
    </ClInclude>
    <ClInclude Include="targetver.h">
      <Filter>Header Files</Filter>
    </ClInclude>
    <ClInclude Include="kernel\Texture.h">
      <Filter>Header Files</Filter>
    </ClInclude>
    <ClInclude Include="kernel\User_interface.h">
      <Filter>Header Files</Filter>
    </ClInclude>
    <ClInclude Include="ViewTree.h">
      <Filter>Header Files</Filter>
    </ClInclude>
    <ClInclude Include="kernel\Whole_system.h">
      <Filter>Header Files</Filter>
    </ClInclude>
    <ClInclude Include="kernel\Network.h">
      <Filter>Header Files</Filter>
    </ClInclude>
    <ClInclude Include="kernel\File_data.h">
      <Filter>Header Files</Filter>
    </ClInclude>
    <ClInclude Include="kernel\Class_list.h">
      <Filter>Header Files</Filter>
    </ClInclude>
  </ItemGroup>
  <ItemGroup>
    <None Include="res\bitmap1.bmp">
      <Filter>Resource Files</Filter>
    </None>
    <None Include="res\bridge_toolbar.bmp">
      <Filter>Resource Files</Filter>
    </None>
    <None Include="bridge_toolbar.bmp">
      <Filter>Resource Files</Filter>
    </None>
    <None Include="res\class_view.ico">
      <Filter>Resource Files</Filter>
    </None>
    <None Include="res\class_view_hc.ico">
      <Filter>Resource Files</Filter>
    </None>
    <None Include="res\classview.bmp">
      <Filter>Resource Files</Filter>
    </None>
    <None Include="res\classview_hc.bmp">
      <Filter>Resource Files</Filter>
    </None>
    <None Include="res\explorer.bmp">
      <Filter>Resource Files</Filter>
    </None>
    <None Include="res\explorer_hc.bmp">
      <Filter>Resource Files</Filter>
    </None>
    <None Include="res\file_view.ico">
      <Filter>Resource Files</Filter>
    </None>
    <None Include="res\file_view_hc.ico">
      <Filter>Resource Files</Filter>
    </None>
    <None Include="res\fileview.bmp">
      <Filter>Resource Files</Filter>
    </None>
    <None Include="res\fileview_hc.bmp">
      <Filter>Resource Files</Filter>
    </None>
    <None Include="res\menuimages.bmp">
      <Filter>Resource Files</Filter>
    </None>
    <None Include="res\menuimages_hc.bmp">
      <Filter>Resource Files</Filter>
    </None>
    <None Include="res\mount_to.bmp">
      <Filter>Resource Files</Filter>
    </None>
    <None Include="res\mount_toolbar.bmp">
      <Filter>Resource Files</Filter>
    </None>
    <None Include="res\mouse_key_toolbar.bmp">
      <Filter>Resource Files</Filter>
    </None>
    <None Include="res\mouse_wheel_toolbar.bmp">
      <Filter>Resource Files</Filter>
    </None>
    <None Include="res\output_wnd.ico">
      <Filter>Resource Files</Filter>
    </None>
    <None Include="res\output_wnd_hc.ico">
      <Filter>Resource Files</Filter>
    </None>
    <None Include="res\part_display_toolbar.bmp">
      <Filter>Resource Files</Filter>
    </None>
    <None Include="res\part_toolbar.bmp">
      <Filter>Resource Files</Filter>
    </None>
    <None Include="res\part_view_toolbar.bmp">
      <Filter>Resource Files</Filter>
    </None>
    <None Include="res\properties.bmp">
      <Filter>Resource Files</Filter>
    </None>
    <None Include="res\properties_hc.bmp">
      <Filter>Resource Files</Filter>
    </None>
    <None Include="res\properties_wnd.ico">
      <Filter>Resource Files</Filter>
    </None>
    <None Include="res\properties_wnd_hc.ico">
      <Filter>Resource Files</Filter>
    </None>
    <None Include="res\Shader_player.ico">
      <Filter>Resource Files</Filter>
    </None>
    <None Include="res\Shader_player.rc2">
      <Filter>Resource Files</Filter>
    </None>
    <None Include="res\Shader_playerDoc.ico">
      <Filter>Resource Files</Filter>
    </None>
    <None Include="res\sort.bmp">
      <Filter>Resource Files</Filter>
    </None>
    <None Include="res\sort_hc.bmp">
      <Filter>Resource Files</Filter>
    </None>
    <None Include="res\Toolbar.bmp">
      <Filter>Resource Files</Filter>
    </None>
    <None Include="res\toolbar1.bmp">
      <Filter>Resource Files</Filter>
    </None>
    <None Include="res\Toolbar256.bmp">
      <Filter>Resource Files</Filter>
    </None>
    <None Include="res\toolbar_mount.bmp">
      <Filter>Resource Files</Filter>
    </None>
    <None Include="res\toolbar_mouse_leftkey.bmp">
      <Filter>Resource Files</Filter>
    </None>
    <None Include="res\toolbar_mouse_wheel.bmp">
      <Filter>Resource Files</Filter>
    </None>
    <None Include="res\toolbar_part.bmp">
      <Filter>Resource Files</Filter>
    </None>
    <None Include="res\toolbar_part_display.bmp">
      <Filter>Resource Files</Filter>
    </None>
    <None Include="res\toolbar_part_view.bmp">
      <Filter>Resource Files</Filter>
    </None>
    <None Include="UserImages.bmp">
      <Filter>Resource Files</Filter>
    </None>
    <None Include="kernel\ReadMe.txt" />
    <None Include="ReadMe.txt" />
    <None Include="Shader_player.reg" />
    <None Include="ClassDiagram1.cd" />
  </ItemGroup>
  <ItemGroup>
    <ResourceCompile Include="Shader_player.rc">
      <Filter>Resource Files</Filter>
    </ResourceCompile>
  </ItemGroup>
</Project>