
Microsoft Visual Studio Solution File, Format Version 11.00
# Visual Studio 2010
Project("{8BC9CEB8-8B4A-11D0-8D11-00A0C91BC942}") = "Shader_player", "Shader_player\Shader_player.vcxproj", "{423996DD-97DC-4247-8591-7CB80BBA61B9}"
EndProject
Project("{54435603-DBB4-11D2-8724-00A0C9A8B90C}") = "player_install", "player_install\player_install.vdproj", "{E84ABDB8-7BA1-4AC9-82A4-3406ADE3E912}"
EndProject
Global
	GlobalSection(SolutionConfigurationPlatforms) = preSolution
		Debug|Win32 = Debug|Win32
		Release|Win32 = Release|Win32
	EndGlobalSection
	GlobalSection(ProjectConfigurationPlatforms) = postSolution
		{423996DD-97DC-4247-8591-7CB80BBA61B9}.Debug|Win32.ActiveCfg = Debug|Win32
		{423996DD-97DC-4247-8591-7CB80BBA61B9}.Debug|Win32.Build.0 = Debug|Win32
		{423996DD-97DC-4247-8591-7CB80BBA61B9}.Release|Win32.ActiveCfg = Release|Win32
		{423996DD-97DC-4247-8591-7CB80BBA61B9}.Release|Win32.Build.0 = Release|Win32
		{E84ABDB8-7BA1-4AC9-82A4-3406ADE3E912}.Debug|Win32.ActiveCfg = Debug
		{E84ABDB8-7BA1-4AC9-82A4-3406ADE3E912}.Release|Win32.ActiveCfg = Release
	EndGlobalSection
	GlobalSection(SolutionProperties) = preSolution
		HideSolutionNode = FALSE
	EndGlobalSection
EndGlobal
