
Microsoft Visual Studio Solution File, Format Version 10.00
# Visual Studio 2008
Project("{8BC9CEB8-8B4A-11D0-8D11-00A0C91BC942}") = "mount_player", "mount_player\mount_player.vcproj", "{846E0049-DA82-4583-B656-DCEA7C8D1DFE}"
EndProject
Project("{54435603-DBB4-11D2-8724-00A0C9A8B90C}") = "铁路桥梁抢修模拟拼装系统", "铁路桥梁抢修模拟拼装系统\铁路桥梁抢修模拟拼装系统.vdproj", "{EA0E8C84-CEB2-41FE-BB32-846F4FB08AE9}"
EndProject
Global
	GlobalSection(SolutionConfigurationPlatforms) = preSolution
		Debug|Win32 = Debug|Win32
		Release|Win32 = Release|Win32
	EndGlobalSection
	GlobalSection(ProjectConfigurationPlatforms) = postSolution
		{846E0049-DA82-4583-B656-DCEA7C8D1DFE}.Debug|Win32.ActiveCfg = Debug|Win32
		{846E0049-DA82-4583-B656-DCEA7C8D1DFE}.Debug|Win32.Build.0 = Debug|Win32
		{846E0049-DA82-4583-B656-DCEA7C8D1DFE}.Release|Win32.ActiveCfg = Release|Win32
		{846E0049-DA82-4583-B656-DCEA7C8D1DFE}.Release|Win32.Build.0 = Release|Win32
		{EA0E8C84-CEB2-41FE-BB32-846F4FB08AE9}.Debug|Win32.ActiveCfg = Debug
		{EA0E8C84-CEB2-41FE-BB32-846F4FB08AE9}.Release|Win32.ActiveCfg = Release
	EndGlobalSection
	GlobalSection(SolutionProperties) = preSolution
		HideSolutionNode = FALSE
	EndGlobalSection
EndGlobal
