
Microsoft Visual Studio Solution File, Format Version 11.00
# Visual Studio 2010
Project("{FAE04EC0-301F-11D3-BF4B-00C04F79EFBC}") = "schemeGenerate", "schemeGenerate\schemeGenerate.csproj", "{94DCE1C3-7142-4F88-A6CE-3D554501E9AD}"
EndProject
Global
	GlobalSection(SolutionConfigurationPlatforms) = preSolution
		Debug|Any CPU = Debug|Any CPU
		Release|Any CPU = Release|Any CPU
	EndGlobalSection
	GlobalSection(ProjectConfigurationPlatforms) = postSolution
		{94DCE1C3-7142-4F88-A6CE-3D554501E9AD}.Debug|Any CPU.ActiveCfg = Debug|Any CPU
		{94DCE1C3-7142-4F88-A6CE-3D554501E9AD}.Debug|Any CPU.Build.0 = Debug|Any CPU
		{94DCE1C3-7142-4F88-A6CE-3D554501E9AD}.Release|Any CPU.ActiveCfg = Release|Any CPU
		{94DCE1C3-7142-4F88-A6CE-3D554501E9AD}.Release|Any CPU.Build.0 = Release|Any CPU
	EndGlobalSection
	GlobalSection(SolutionProperties) = preSolution
		HideSolutionNode = FALSE
	EndGlobalSection
EndGlobal
