
Microsoft Visual Studio Solution File, Format Version 10.00
# Visual Studio 2008
Project("{8BC9CEB8-8B4A-11D0-8D11-00A0C91BC942}") = "precision", "precision\precision.vcproj", "{73C4C786-6375-414E-9CDC-017CEFA2AD74}"
EndProject
Global
	GlobalSection(SolutionConfigurationPlatforms) = preSolution
		Debug|Win32 = Debug|Win32
		Release|Win32 = Release|Win32
	EndGlobalSection
	GlobalSection(ProjectConfigurationPlatforms) = postSolution
		{73C4C786-6375-414E-9CDC-017CEFA2AD74}.Debug|Win32.ActiveCfg = Debug|Win32
		{73C4C786-6375-414E-9CDC-017CEFA2AD74}.Debug|Win32.Build.0 = Debug|Win32
		{73C4C786-6375-414E-9CDC-017CEFA2AD74}.Release|Win32.ActiveCfg = Release|Win32
		{73C4C786-6375-414E-9CDC-017CEFA2AD74}.Release|Win32.Build.0 = Release|Win32
	EndGlobalSection
	GlobalSection(SolutionProperties) = preSolution
		HideSolutionNode = FALSE
	EndGlobalSection
EndGlobal
